
Microsoft Visual Studio Solution File, Format Version 12.00
# Visual Studio Version 17
VisualStudioVersion = 17.14.36705.20
MinimumVisualStudioVersion = 10.0.40219.1
Project("{FAE04EC0-301F-11D3-BF4B-00C04F79EFBC}") = "Project", "Project.csproj", "{D82471B1-34D1-4CD8-9995-F5B95D105612}"
EndProject
Global
	GlobalSection(SolutionConfigurationPlatforms) = preSolution
		Debug|Any CPU = Debug|Any CPU
		Release|Any CPU = Release|Any CPU
	EndGlobalSection
	GlobalSection(ProjectConfigurationPlatforms) = postSolution
		{D82471B1-34D1-4CD8-9995-F5B95D105612}.Debug|Any CPU.ActiveCfg = Debug|Any CPU
		{D82471B1-34D1-4CD8-9995-F5B95D105612}.Debug|Any CPU.Build.0 = Debug|Any CPU
		{D82471B1-34D1-4CD8-9995-F5B95D105612}.Release|Any CPU.ActiveCfg = Release|Any CPU
		{D82471B1-34D1-4CD8-9995-F5B95D105612}.Release|Any CPU.Build.0 = Release|Any CPU
	EndGlobalSection
	GlobalSection(SolutionProperties) = preSolution
		HideSolutionNode = FALSE
	EndGlobalSection
	GlobalSection(ExtensibilityGlobals) = postSolution
		SolutionGuid = {E19F64C1-4A0A-4A1A-B949-8480DE560C36}
	EndGlobalSection
EndGlobal
